<?xml version="1.0" encoding="utf-8"?>
<Project ToolsVersion="4.0" xmlns="http://schemas.microsoft.com/developer/msbuild/2003">
  <ItemGroup>
    <Filter Include="소스 파일">
      <UniqueIdentifier>{4FC737F1-C7A5-4376-A066-2A32D752A2FF}</UniqueIdentifier>
      <Extensions>cpp;c;cc;cxx;c++;cppm;ixx;def;odl;idl;hpj;bat;asm;asmx</Extensions>
    </Filter>
    <Filter Include="헤더 파일">
      <UniqueIdentifier>{93995380-89BD-4b04-88EB-625FBE52EBFB}</UniqueIdentifier>
      <Extensions>h;hh;hpp;hxx;h++;hm;inl;inc;ipp;xsd</Extensions>
    </Filter>
    <Filter Include="리소스 파일">
      <UniqueIdentifier>{67DA6AB6-F800-4c08-8B7A-83BB121AAD01}</UniqueIdentifier>
      <Extensions>rc;ico;cur;bmp;dlg;rc2;rct;bin;rgs;gif;jpg;jpeg;jpe;resx;tiff;tif;png;wav;mfcribbon-ms</Extensions>
    </Filter>
    <Filter Include="소스 파일\Week1">
      <UniqueIdentifier>{74f010a1-6b63-49e6-be6b-0b59c4005bfe}</UniqueIdentifier>
    </Filter>
    <Filter Include="소스 파일\Week2">
      <UniqueIdentifier>{fa58f735-d83f-48a4-8aac-efd497fa25bf}</UniqueIdentifier>
    </Filter>
    <Filter Include="소스 파일\Week3">
      <UniqueIdentifier>{79779563-0bb6-49c4-99d0-94c956c8d482}</UniqueIdentifier>
    </Filter>
    <Filter Include="소스 파일\Week4">
      <UniqueIdentifier>{5d7ccf64-7eb6-4315-911f-cedd70fc5b19}</UniqueIdentifier>
    </Filter>
    <Filter Include="소스 파일\Week5">
      <UniqueIdentifier>{584ab9fd-48e0-4978-95e6-adaf6bce9594}</UniqueIdentifier>
    </Filter>
    <Filter Include="소스 파일\Week6">
      <UniqueIdentifier>{c900ed3c-32cf-42de-8636-783fb6aad1ae}</UniqueIdentifier>
    </Filter>
    <Filter Include="소스 파일\Week9">
      <UniqueIdentifier>{842335c4-1482-4351-b220-3b078d61ba29}</UniqueIdentifier>
    </Filter>
    <Filter Include="소스 파일\Week10">
      <UniqueIdentifier>{6d9acdac-1cad-4dc1-8f96-8a03d341b4ab}</UniqueIdentifier>
    </Filter>
    <Filter Include="소스 파일\Week11">
      <UniqueIdentifier>{25625ba1-93dd-4931-a8f1-ac28b02e72f0}</UniqueIdentifier>
    </Filter>
    <Filter Include="소스 파일\Week12">
      <UniqueIdentifier>{bdde399e-1d4a-48ba-aad2-80813c82800a}</UniqueIdentifier>
    </Filter>
  </ItemGroup>
  <ItemGroup>
    <ClCompile Include="week1_A_12171735_JunpyoLee.cpp">
      <Filter>소스 파일\Week1</Filter>
    </ClCompile>
    <ClCompile Include="week1_B_12171735_JunpyoLee.cpp">
      <Filter>소스 파일\Week1</Filter>
    </ClCompile>
    <ClCompile Include="week2_A_12171735_JunpyoLee.cpp">
      <Filter>소스 파일\Week2</Filter>
    </ClCompile>
    <ClCompile Include="week2_B_12171735_JunpyoLee.cpp">
      <Filter>소스 파일\Week2</Filter>
    </ClCompile>
    <ClCompile Include="week3_A_12171735_JunpyoLee.cpp">
      <Filter>소스 파일\Week3</Filter>
    </ClCompile>
    <ClCompile Include="week3_B_12171735_JunpyoLee.cpp">
      <Filter>소스 파일\Week3</Filter>
    </ClCompile>
    <ClCompile Include="Week4_A_12171735_JunpyoLee.cpp">
      <Filter>소스 파일\Week4</Filter>
    </ClCompile>
    <ClCompile Include="Week4_B_12171735_JunpyoLee.cpp">
      <Filter>소스 파일\Week4</Filter>
    </ClCompile>
    <ClCompile Include="week5_A_12171735_JunpyoLee.cpp">
      <Filter>소스 파일\Week5</Filter>
    </ClCompile>
    <ClCompile Include="week5_B_12171735_JunpyoLee.cpp">
      <Filter>소스 파일\Week5</Filter>
    </ClCompile>
    <ClCompile Include="re_week2_A.cpp">
      <Filter>소스 파일\Week2</Filter>
    </ClCompile>
    <ClCompile Include="re_week1_B.cpp">
      <Filter>소스 파일\Week1</Filter>
    </ClCompile>
    <ClCompile Include="re_week1_A.cpp">
      <Filter>소스 파일\Week1</Filter>
    </ClCompile>
    <ClCompile Include="re_week2_B.cpp">
      <Filter>소스 파일\Week2</Filter>
    </ClCompile>
    <ClCompile Include="re_week3_A.cpp">
      <Filter>소스 파일\Week3</Filter>
    </ClCompile>
    <ClCompile Include="re_week3_B.cpp">
      <Filter>소스 파일\Week3</Filter>
    </ClCompile>
    <ClCompile Include="re_week4_A.cpp">
      <Filter>소스 파일\Week4</Filter>
    </ClCompile>
    <ClCompile Include="re_week4_B.cpp">
      <Filter>소스 파일\Week4</Filter>
    </ClCompile>
    <ClCompile Include="re_week5_A.cpp">
      <Filter>소스 파일\Week5</Filter>
    </ClCompile>
    <ClCompile Include="re_week5_B.cpp">
      <Filter>소스 파일\Week5</Filter>
    </ClCompile>
    <ClCompile Include="re_week6_A.cpp">
      <Filter>소스 파일\Week6</Filter>
    </ClCompile>
    <ClCompile Include="re_week6_B.cpp">
      <Filter>소스 파일\Week6</Filter>
    </ClCompile>
    <ClCompile Include="4B_Bae.cpp">
      <Filter>소스 파일\Week4</Filter>
    </ClCompile>
    <ClCompile Include="rere_week1_A.cpp">
      <Filter>소스 파일\Week1</Filter>
    </ClCompile>
    <ClCompile Include="rere_week1_B.cpp">
      <Filter>소스 파일\Week1</Filter>
    </ClCompile>
    <ClCompile Include="rere_week2_A.cpp">
      <Filter>소스 파일\Week2</Filter>
    </ClCompile>
    <ClCompile Include="rere_week2_B.cpp">
      <Filter>소스 파일\Week2</Filter>
    </ClCompile>
    <ClCompile Include="rere_week3_A.cpp">
      <Filter>소스 파일\Week3</Filter>
    </ClCompile>
    <ClCompile Include="rere_week3_B.cpp">
      <Filter>소스 파일\Week3</Filter>
    </ClCompile>
    <ClCompile Include="rere_week4_A.cpp">
      <Filter>소스 파일\Week4</Filter>
    </ClCompile>
    <ClCompile Include="rere_week4_B.cpp">
      <Filter>소스 파일\Week4</Filter>
    </ClCompile>
    <ClCompile Include="rere_week5_A.cpp">
      <Filter>소스 파일\Week5</Filter>
    </ClCompile>
    <ClCompile Include="rere_week5_B.cpp">
      <Filter>소스 파일\Week5</Filter>
    </ClCompile>
    <ClCompile Include="rere_week6_A.cpp">
      <Filter>소스 파일\Week6</Filter>
    </ClCompile>
    <ClCompile Include="rere_week6_B.cpp">
      <Filter>소스 파일\Week6</Filter>
    </ClCompile>
    <ClCompile Include="rerere_week5_B.cpp">
      <Filter>소스 파일\Week5</Filter>
    </ClCompile>
    <ClCompile Include="Week9_A_12171735.cpp">
      <Filter>소스 파일\Week9</Filter>
    </ClCompile>
    <ClCompile Include="week9_B_12171735_JunpyoLee.cpp">
      <Filter>소스 파일\Week9</Filter>
    </ClCompile>
    <ClCompile Include="Week10_A_12171735_JunpyoLee.cpp">
      <Filter>소스 파일\Week10</Filter>
    </ClCompile>
    <ClCompile Include="Week10_B_12171735_JunpyoLee.cpp">
      <Filter>소스 파일\Week10</Filter>
    </ClCompile>
    <ClCompile Include="Week11_A_12171735_JunpyoLee.cpp">
      <Filter>소스 파일\Week11</Filter>
    </ClCompile>
    <ClCompile Include="Week11_B_12171735_JunpyoLee.cpp">
      <Filter>소스 파일\Week11</Filter>
    </ClCompile>
    <ClCompile Include="Week12_A_12171735_JunpyoLee.cpp">
      <Filter>소스 파일\Week12</Filter>
    </ClCompile>
  </ItemGroup>
</Project>